
Microsoft Visual Studio Solution File, Format Version 12.00
# Visual Studio 2013
VisualStudioVersion = 12.0.31101.0
MinimumVisualStudioVersion = 10.0.40219.1
Project("{FAE04EC0-301F-11D3-BF4B-00C04F79EFBC}") = "CodeTuts.Web", "CodeTuts\CodeTuts.Web.csproj", "{A730E7AE-F19D-4DBA-B857-1F16198482D3}"
EndProject
Project("{FAE04EC0-301F-11D3-BF4B-00C04F79EFBC}") = "CodeTuts.Model", "CodeTuts.Model\CodeTuts.Model.csproj", "{A93C6B4E-AD95-46FF-AF1C-27152777B3D6}"
EndProject
Project("{FAE04EC0-301F-11D3-BF4B-00C04F79EFBC}") = "CodeTuts.DataLayer", "CodeTuts.DataLayer\CodeTuts.DataLayer.csproj", "{53CD9C7D-67C2-48C1-A5E4-F6B241A13274}"
EndProject
Global
	GlobalSection(SolutionConfigurationPlatforms) = preSolution
		Debug|Any CPU = Debug|Any CPU
		Release|Any CPU = Release|Any CPU
	EndGlobalSection
	GlobalSection(ProjectConfigurationPlatforms) = postSolution
		{A730E7AE-F19D-4DBA-B857-1F16198482D3}.Debug|Any CPU.ActiveCfg = Debug|Any CPU
		{A730E7AE-F19D-4DBA-B857-1F16198482D3}.Debug|Any CPU.Build.0 = Debug|Any CPU
		{A730E7AE-F19D-4DBA-B857-1F16198482D3}.Release|Any CPU.ActiveCfg = Release|Any CPU
		{A730E7AE-F19D-4DBA-B857-1F16198482D3}.Release|Any CPU.Build.0 = Release|Any CPU
		{A93C6B4E-AD95-46FF-AF1C-27152777B3D6}.Debug|Any CPU.ActiveCfg = Debug|Any CPU
		{A93C6B4E-AD95-46FF-AF1C-27152777B3D6}.Debug|Any CPU.Build.0 = Debug|Any CPU
		{A93C6B4E-AD95-46FF-AF1C-27152777B3D6}.Release|Any CPU.ActiveCfg = Release|Any CPU
		{A93C6B4E-AD95-46FF-AF1C-27152777B3D6}.Release|Any CPU.Build.0 = Release|Any CPU
		{53CD9C7D-67C2-48C1-A5E4-F6B241A13274}.Debug|Any CPU.ActiveCfg = Debug|Any CPU
		{53CD9C7D-67C2-48C1-A5E4-F6B241A13274}.Debug|Any CPU.Build.0 = Debug|Any CPU
		{53CD9C7D-67C2-48C1-A5E4-F6B241A13274}.Release|Any CPU.ActiveCfg = Release|Any CPU
		{53CD9C7D-67C2-48C1-A5E4-F6B241A13274}.Release|Any CPU.Build.0 = Release|Any CPU
	EndGlobalSection
	GlobalSection(SolutionProperties) = preSolution
		HideSolutionNode = FALSE
	EndGlobalSection
EndGlobal
